
Microsoft Visual Studio Solution File, Format Version 12.00
# Visual Studio Version 16
VisualStudioVersion = 16.0.30803.129
MinimumVisualStudioVersion = 10.0.40219.1
Project("{9A19103F-16F7-4668-BE54-9A1E7A4F7556}") = "ModernWpf", "ModernWpf\ModernWpf.csproj", "{5CB9BEE3-D709-4AE8-AD23-058DC704FCD3}"
EndProject
Project("{9A19103F-16F7-4668-BE54-9A1E7A4F7556}") = "ModernWpf.Controls", "ModernWpf.Controls\ModernWpf.Controls.csproj", "{6250DABB-0544-44A2-A3CB-7CB179304972}"
EndProject
Project("{9A19103F-16F7-4668-BE54-9A1E7A4F7556}") = "ModernWpf.Demo", "ModernWpf.Demo\ModernWpf.Demo.csproj", "{DAD6AC55-2B01-4D54-84A5-8F997E32679C}"
EndProject
Project("{FAE04EC0-301F-11D3-BF4B-00C04F79EFBC}") = "ModernWpf.MahApps", "ModernWpf.MahApps\ModernWpf.MahApps.csproj", "{33DF146C-C525-4B05-A816-CD07A875F63C}"
EndProject
Project("{FAE04EC0-301F-11D3-BF4B-00C04F79EFBC}") = "ModernWpf.MahApps.Demo", "ModernWpf.MahApps.Demo\ModernWpf.MahApps.Demo.csproj", "{FB3968AC-6D92-4D2B-B73F-7798ACC6FEEE}"
EndProject
Project("{9A19103F-16F7-4668-BE54-9A1E7A4F7556}") = "WinUIResourcesConverter", "tools\WinUIResourcesConverter\WinUIResourcesConverter.csproj", "{1A3CE650-590B-4293-8FD2-00DFBB33F59D}"
EndProject
Global
	GlobalSection(SolutionConfigurationPlatforms) = preSolution
		Debug|Any CPU = Debug|Any CPU
		Release|Any CPU = Release|Any CPU
	EndGlobalSection
	GlobalSection(ProjectConfigurationPlatforms) = postSolution
		{5CB9BEE3-D709-4AE8-AD23-058DC704FCD3}.Debug|Any CPU.ActiveCfg = Debug|Any CPU
		{5CB9BEE3-D709-4AE8-AD23-058DC704FCD3}.Debug|Any CPU.Build.0 = Debug|Any CPU
		{5CB9BEE3-D709-4AE8-AD23-058DC704FCD3}.Release|Any CPU.ActiveCfg = Release|Any CPU
		{5CB9BEE3-D709-4AE8-AD23-058DC704FCD3}.Release|Any CPU.Build.0 = Release|Any CPU
		{6250DABB-0544-44A2-A3CB-7CB179304972}.Debug|Any CPU.ActiveCfg = Debug|Any CPU
		{6250DABB-0544-44A2-A3CB-7CB179304972}.Debug|Any CPU.Build.0 = Debug|Any CPU
		{6250DABB-0544-44A2-A3CB-7CB179304972}.Release|Any CPU.ActiveCfg = Release|Any CPU
		{6250DABB-0544-44A2-A3CB-7CB179304972}.Release|Any CPU.Build.0 = Release|Any CPU
		{DAD6AC55-2B01-4D54-84A5-8F997E32679C}.Debug|Any CPU.ActiveCfg = Debug|Any CPU
		{DAD6AC55-2B01-4D54-84A5-8F997E32679C}.Debug|Any CPU.Build.0 = Debug|Any CPU
		{DAD6AC55-2B01-4D54-84A5-8F997E32679C}.Release|Any CPU.ActiveCfg = Release|Any CPU
		{DAD6AC55-2B01-4D54-84A5-8F997E32679C}.Release|Any CPU.Build.0 = Release|Any CPU
		{33DF146C-C525-4B05-A816-CD07A875F63C}.Debug|Any CPU.ActiveCfg = Debug|Any CPU
		{33DF146C-C525-4B05-A816-CD07A875F63C}.Debug|Any CPU.Build.0 = Debug|Any CPU
		{33DF146C-C525-4B05-A816-CD07A875F63C}.Release|Any CPU.ActiveCfg = Release|Any CPU
		{33DF146C-C525-4B05-A816-CD07A875F63C}.Release|Any CPU.Build.0 = Release|Any CPU
		{FB3968AC-6D92-4D2B-B73F-7798ACC6FEEE}.Debug|Any CPU.ActiveCfg = Debug|Any CPU
		{FB3968AC-6D92-4D2B-B73F-7798ACC6FEEE}.Debug|Any CPU.Build.0 = Debug|Any CPU
		{FB3968AC-6D92-4D2B-B73F-7798ACC6FEEE}.Release|Any CPU.ActiveCfg = Release|Any CPU
		{FB3968AC-6D92-4D2B-B73F-7798ACC6FEEE}.Release|Any CPU.Build.0 = Release|Any CPU
		{1A3CE650-590B-4293-8FD2-00DFBB33F59D}.Debug|Any CPU.ActiveCfg = Debug|Any CPU
		{1A3CE650-590B-4293-8FD2-00DFBB33F59D}.Debug|Any CPU.Build.0 = Debug|Any CPU
		{1A3CE650-590B-4293-8FD2-00DFBB33F59D}.Release|Any CPU.ActiveCfg = Release|Any CPU
		{1A3CE650-590B-4293-8FD2-00DFBB33F59D}.Release|Any CPU.Build.0 = Release|Any CPU
	EndGlobalSection
	GlobalSection(SolutionProperties) = preSolution
		HideSolutionNode = FALSE
	EndGlobalSection
	GlobalSection(ExtensibilityGlobals) = postSolution
		SolutionGuid = {FED33BB8-9057-438C-92C8-C3E303ECBD4A}
	EndGlobalSection
EndGlobal
